// !$*UTF8*$!
{
	archiveVersion = 1;
	classes = {
	};
	objectVersion = 50;
	objects = {

/* Begin PBXBuildFile section */
		44B4FC10260C56BD00BBD4DF /* Whac_a_personApp.swift in Sources */ = {isa = PBXBuildFile; fileRef = 44B4FC0F260C56BD00BBD4DF /* Whac_a_personApp.swift */; };
		44B4FC12260C56BD00BBD4DF /* ContentView.swift in Sources */ = {isa = PBXBuildFile; fileRef = 44B4FC11260C56BD00BBD4DF /* ContentView.swift */; };
		44B4FC14260C56BE00BBD4DF /* Assets.xcassets in Resources */ = {isa = PBXBuildFile; fileRef = 44B4FC13260C56BE00BBD4DF /* Assets.xcassets */; };
		44B4FC17260C56BE00BBD4DF /* Preview Assets.xcassets in Resources */ = {isa = PBXBuildFile; fileRef = 44B4FC16260C56BE00BBD4DF /* Preview Assets.xcassets */; };
/* End PBXBuildFile section */

/* Begin PBXFileReference section */
		44B4FC0C260C56BD00BBD4DF /* Whac-a-person.app */ = {isa = PBXFileReference; explicitFileType = wrapper.application; includeInIndex = 0; path = "Whac-a-person.app"; sourceTree = BUILT_PRODUCTS_DIR; };
		44B4FC0F260C56BD00BBD4DF /* Whac_a_personApp.swift */ = {isa = PBXFileReference; lastKnownFileType = sourcecode.swift; path = Whac_a_personApp.swift; sourceTree = "<group>"; };
		44B4FC11260C56BD00BBD4DF /* ContentView.swift */ = {isa = PBXFileReference; lastKnownFileType = sourcecode.swift; path = ContentView.swift; sourceTree = "<group>"; };
		44B4FC13260C56BE00BBD4DF /* Assets.xcassets */ = {isa = PBXFileReference; lastKnownFileType = folder.assetcatalog; path = Assets.xcassets; sourceTree = "<group>"; };
		44B4FC16260C56BE00BBD4DF /* Preview Assets.xcassets */ = {isa = PBXFileReference; lastKnownFileType = folder.assetcatalog; path = "Preview Assets.xcassets"; sourceTree = "<group>"; };
		44B4FC18260C56BE00BBD4DF /* Info.plist */ = {isa = PBXFileReference; lastKnownFileType = text.plist.xml; path = Info.plist; sourceTree = "<group>"; };
/* End PBXFileReference section */

/* Begin PBXFrameworksBuildPhase section */
		44B4FC09260C56BD00BBD4DF /* Frameworks */ = {
			isa = PBXFrameworksBuildPhase;
			buildActionMask = 2147483647;
			files = (
			);
			runOnlyForDeploymentPostprocessing = 0;
		};
/* End PBXFrameworksBuildPhase section */

/* Begin PBXGroup section */
		44B4FC03260C56BD00BBD4DF = {
			isa = PBXGroup;
			children = (
				44B4FC0E260C56BD00BBD4DF /* Whac-a-person */,
				44B4FC0D260C56BD00BBD4DF /* Products */,
			);
			sourceTree = "<group>";
		};
		44B4FC0D260C56BD00BBD4DF /* Products */ = {
			isa = PBXGroup;
			children = (
				44B4FC0C260C56BD00BBD4DF /* Whac-a-person.app */,
			);
			name = Products;
			sourceTree = "<group>";
		};
		44B4FC0E260C56BD00BBD4DF /* Whac-a-person */ = {
			isa = PBXGroup;
			children = (
				44B4FC0F260C56BD00BBD4DF /* Whac_a_personApp.swift */,
				44B4FC11260C56BD00BBD4DF /* ContentView.swift */,
				44B4FC13260C56BE00BBD4DF /* Assets.xcassets */,
				44B4FC18260C56BE00BBD4DF /* Info.plist */,
				44B4FC15260C56BE00BBD4DF /* Preview Content */,
			);
			path = "Whac-a-person";
			sourceTree = "<group>";
		};
		44B4FC15260C56BE00BBD4DF /* Preview Content */ = {
			isa = PBXGroup;
			children = (
				44B4FC16260C56BE00BBD4DF /* Preview Assets.xcassets */,
			);
			path = "Preview Content";
			sourceTree = "<group>";
		};
/* End PBXGroup section */

/* Begin PBXNativeTarget section */
		44B4FC0B260C56BD00BBD4DF /* Whac-a-person */ = {
			isa = PBXNativeTarget;
			buildConfigurationList = 44B4FC1B260C56BE00BBD4DF /* Build configuration list for PBXNativeTarget "Whac-a-person" */;
			buildPhases = (
				44B4FC08260C56BD00BBD4DF /* Sources */,
				44B4FC09260C56BD00BBD4DF /* Frameworks */,
				44B4FC0A260C56BD00BBD4DF /* Resources */,
			);
			buildRules = (
			);
			dependencies = (
			);
			name = "Whac-a-person";
			productName = "Whac-a-person";
			productReference = 44B4FC0C260C56BD00BBD4DF /* Whac-a-person.app */;
			productType = "com.apple.product-type.application";
		};
/* End PBXNativeTarget section */

/* Begin PBXProject section */
		44B4FC04260C56BD00BBD4DF /* Project object */ = {
			isa = PBXProject;
			attributes = {
				LastSwiftUpdateCheck = 1240;
				LastUpgradeCheck = 1240;
				TargetAttributes = {
					44B4FC0B260C56BD00BBD4DF = {
						CreatedOnToolsVersion = 12.4;
					};
				};
			};
			buildConfigurationList = 44B4FC07260C56BD00BBD4DF /* Build configuration list for PBXProject "Whac-a-person" */;
			compatibilityVersion = "Xcode 9.3";
			developmentRegion = en;
			hasScannedForEncodings = 0;
			knownRegions = (
				en,
				Base,
			);
			mainGroup = 44B4FC03260C56BD00BBD4DF;
			productRefGroup = 44B4FC0D260C56BD00BBD4DF /* Products */;
			projectDirPath = "";
			projectRoot = "";
			targets = (
				44B4FC0B260C56BD00BBD4DF /* Whac-a-person */,
			);
		};
/* End PBXProject section */

/* Begin PBXResourcesBuildPhase section */
		44B4FC0A260C56BD00BBD4DF /* Resources */ = {
			isa = PBXResourcesBuildPhase;
			buildActionMask = 2147483647;
			files = (
				44B4FC17260C56BE00BBD4DF /* Preview Assets.xcassets in Resources */,
				44B4FC14260C56BE00BBD4DF /* Assets.xcassets in Resources */,
			);
			runOnlyForDeploymentPostprocessing = 0;
		};
/* End PBXResourcesBuildPhase section */

/* Begin PBXSourcesBuildPhase section */
		44B4FC08260C56BD00BBD4DF /* Sources */ = {
			isa = PBXSourcesBuildPhase;
			buildActionMask = 2147483647;
			files = (
				44B4FC12260C56BD00BBD4DF /* ContentView.swift in Sources */,
				44B4FC10260C56BD00BBD4DF /* Whac_a_personApp.swift in Sources */,
			);
			runOnlyForDeploymentPostprocessing = 0;
		};
/* End PBXSourcesBuildPhase section */

/* Begin XCBuildConfiguration section */
		44B4FC19260C56BE00BBD4DF /* Debug */ = {
			isa = XCBuildConfiguration;
			buildSettings = {
				ALWAYS_SEARCH_USER_PATHS = NO;
				CLANG_ANALYZER_NONNULL = YES;
				CLANG_ANALYZER_NUMBER_OBJECT_CONVERSION = YES_AGGRESSIVE;
				CLANG_CXX_LANGUAGE_STANDARD = "gnu++14";
				CLANG_CXX_LIBRARY = "libc++";
				CLANG_ENABLE_MODULES = YES;
				CLANG_ENABLE_OBJC_ARC = YES;
				CLANG_ENABLE_OBJC_WEAK = YES;
				CLANG_WARN_BLOCK_CAPTURE_AUTORELEASING = YES;
				CLANG_WARN_BOOL_CONVERSION = YES;
				CLANG_WARN_COMMA = YES;
				CLANG_WARN_CONSTANT_CONVERSION = YES;
				CLANG_WARN_DEPRECATED_OBJC_IMPLEMENTATIONS = YES;
				CLANG_WARN_DIRECT_OBJC_ISA_USAGE = YES_ERROR;
				CLANG_WARN_DOCUMENTATION_COMMENTS = YES;
				CLANG_WARN_EMPTY_BODY = YES;
				CLANG_WARN_ENUM_CONVERSION = YES;
				CLANG_WARN_INFINITE_RECURSION = YES;
				CLANG_WARN_INT_CONVERSION = YES;
				CLANG_WARN_NON_LITERAL_NULL_CONVERSION = YES;
				CLANG_WARN_OBJC_IMPLICIT_RETAIN_SELF = YES;
				CLANG_WARN_OBJC_LITERAL_CONVERSION = YES;
				CLANG_WARN_OBJC_ROOT_CLASS = YES_ERROR;
				CLANG_WARN_QUOTED_INCLUDE_IN_FRAMEWORK_HEADER = YES;
				CLANG_WARN_RANGE_LOOP_ANALYSIS = YES;
				CLANG_WARN_STRICT_PROTOTYPES = YES;
				CLANG_WARN_SUSPICIOUS_MOVE = YES;
				CLANG_WARN_UNGUARDED_AVAILABILITY = YES_AGGRESSIVE;
				CLANG_WARN_UNREACHABLE_CODE = YES;
				CLANG_WARN__DUPLICATE_METHOD_MATCH = YES;
				COPY_PHASE_STRIP = NO;
				DEBUG_INFORMATION_FORMAT = dwarf;
				ENABLE_STRICT_OBJC_MSGSEND = YES;
				ENABLE_TESTABILITY = YES;
				GCC_C_LANGUAGE_STANDARD = gnu11;
				GCC_DYNAMIC_NO_PIC = NO;
				GCC_NO_COMMON_BLOCKS = YES;
				GCC_OPTIMIZATION_LEVEL = 0;
				GCC_PREPROCESSOR_DEFINITIONS = (
					"DEBUG=1",
					"$(inherited)",
				);
				GCC_WARN_64_TO_32_BIT_CONVERSION = YES;
				GCC_WARN_ABOUT_RETURN_TYPE = YES_ERROR;
				GCC_WARN_UNDECLARED_SELECTOR = YES;
				GCC_WARN_UNINITIALIZED_AUTOS = YES_AGGRESSIVE;
				GCC_WARN_UNUSED_FUNCTION = YES;
				GCC_WARN_UNUSED_VARIABLE = YES;
				IPHONEOS_DEPLOYMENT_TARGET = 14.4;
				MTL_ENABLE_DEBUG_INFO = INCLUDE_SOURCE;
				MTL_FAST_MATH = YES;
				ONLY_ACTIVE_ARCH = YES;
				SDKROOT = iphoneos;
				SWIFT_ACTIVE_COMPILATION_CONDITIONS = DEBUG;
				SWIFT_OPTIMIZATION_LEVEL = "-Onone";
			};
			name = Debug;
		};
		44B4FC1A260C56BE00BBD4DF /* Release */ = {
			isa = XCBuildConfiguration;
			buildSettings = {
				ALWAYS_SEARCH_USER_PATHS = NO;
				CLANG_ANALYZER_NONNULL = YES;
				CLANG_ANALYZER_NUMBER_OBJECT_CONVERSION = YES_AGGRESSIVE;
				CLANG_CXX_LANGUAGE_STANDARD = "gnu++14";
				CLANG_CXX_LIBRARY = "libc++";
				CLANG_ENABLE_MODULES = YES;
				CLANG_ENABLE_OBJC_ARC = YES;
				CLANG_ENABLE_OBJC_WEAK = YES;
				CLANG_WARN_BLOCK_CAPTURE_AUTORELEASING = YES;
				CLANG_WARN_BOOL_CONVERSION = YES;
				CLANG_WARN_COMMA = YES;
				CLANG_WARN_CONSTANT_CONVERSION = YES;
				CLANG_WARN_DEPRECATED_OBJC_IMPLEMENTATIONS = YES;
				CLANG_WARN_DIRECT_OBJC_ISA_USAGE = YES_ERROR;
				CLANG_WARN_DOCUMENTATION_COMMENTS = YES;
				CLANG_WARN_EMPTY_BODY = YES;
				CLANG_WARN_ENUM_CONVERSION = YES;
				CLANG_WARN_INFINITE_RECURSION = YES;
				CLANG_WARN_INT_CONVERSION = YES;
				CLANG_WARN_NON_LITERAL_NULL_CONVERSION = YES;
				CLANG_WARN_OBJC_IMPLICIT_RETAIN_SELF = YES;
				CLANG_WARN_OBJC_LITERAL_CONVERSION = YES;
				CLANG_WARN_OBJC_ROOT_CLASS = YES_ERROR;
				CLANG_WARN_QUOTED_INCLUDE_IN_FRAMEWORK_HEADER = YES;
				CLANG_WARN_RANGE_LOOP_ANALYSIS = YES;
				CLANG_WARN_STRICT_PROTOTYPES = YES;
				CLANG_WARN_SUSPICIOUS_MOVE = YES;
				CLANG_WARN_UNGUARDED_AVAILABILITY = YES_AGGRESSIVE;
				CLANG_WARN_UNREACHABLE_CODE = YES;
				CLANG_WARN__DUPLICATE_METHOD_MATCH = YES;
				COPY_PHASE_STRIP = NO;
				DEBUG_INFORMATION_FORMAT = "dwarf-with-dsym";
				ENABLE_NS_ASSERTIONS = NO;
				ENABLE_STRICT_OBJC_MSGSEND = YES;
				GCC_C_LANGUAGE_STANDARD = gnu11;
				GCC_NO_COMMON_BLOCKS = YES;
				GCC_WARN_64_TO_32_BIT_CONVERSION = YES;
				GCC_WARN_ABOUT_RETURN_TYPE = YES_ERROR;
				GCC_WARN_UNDECLARED_SELECTOR = YES;
				GCC_WARN_UNINITIALIZED_AUTOS = YES_AGGRESSIVE;
				GCC_WARN_UNUSED_FUNCTION = YES;
				GCC_WARN_UNUSED_VARIABLE = YES;
				IPHONEOS_DEPLOYMENT_TARGET = 14.4;
				MTL_ENABLE_DEBUG_INFO = NO;
				MTL_FAST_MATH = YES;
				SDKROOT = iphoneos;
				SWIFT_COMPILATION_MODE = wholemodule;
				SWIFT_OPTIMIZATION_LEVEL = "-O";
				VALIDATE_PRODUCT = YES;
			};
			name = Release;
		};
		44B4FC1C260C56BE00BBD4DF /* Debug */ = {
			isa = XCBuildConfiguration;
			buildSettings = {
				ASSETCATALOG_COMPILER_APPICON_NAME = AppIcon;
				ASSETCATALOG_COMPILER_GLOBAL_ACCENT_COLOR_NAME = AccentColor;
				CODE_SIGN_STYLE = Automatic;
				DEVELOPMENT_ASSET_PATHS = "\"Whac-a-person/Preview Content\"";
				DEVELOPMENT_TEAM = SL5WD2VG76;
				ENABLE_PREVIEWS = YES;
				INFOPLIST_FILE = "Whac-a-person/Info.plist";
				IPHONEOS_DEPLOYMENT_TARGET = 14.0;
				LD_RUNPATH_SEARCH_PATHS = (
					"$(inherited)",
					"@executable_path/Frameworks",
				);
				PRODUCT_BUNDLE_IDENTIFIER = "rayansh.gupta.Whac-a-person";
				PRODUCT_NAME = "$(TARGET_NAME)";
				SWIFT_VERSION = 5.0;
				TARGETED_DEVICE_FAMILY = "1,2";
			};
			name = Debug;
		};
		44B4FC1D260C56BE00BBD4DF /* Release */ = {
			isa = XCBuildConfiguration;
			buildSettings = {
				ASSETCATALOG_COMPILER_APPICON_NAME = AppIcon;
				ASSETCATALOG_COMPILER_GLOBAL_ACCENT_COLOR_NAME = AccentColor;
				CODE_SIGN_STYLE = Automatic;
				DEVELOPMENT_ASSET_PATHS = "\"Whac-a-person/Preview Content\"";
				DEVELOPMENT_TEAM = SL5WD2VG76;
				ENABLE_PREVIEWS = YES;
				INFOPLIST_FILE = "Whac-a-person/Info.plist";
				IPHONEOS_DEPLOYMENT_TARGET = 14.0;
				LD_RUNPATH_SEARCH_PATHS = (
					"$(inherited)",
					"@executable_path/Frameworks",
				);
				PRODUCT_BUNDLE_IDENTIFIER = "rayansh.gupta.Whac-a-person";
				PRODUCT_NAME = "$(TARGET_NAME)";
				SWIFT_VERSION = 5.0;
				TARGETED_DEVICE_FAMILY = "1,2";
			};
			name = Release;
		};
/* End XCBuildConfiguration section */

/* Begin XCConfigurationList section */
		44B4FC07260C56BD00BBD4DF /* Build configuration list for PBXProject "Whac-a-person" */ = {
			isa = XCConfigurationList;
			buildConfigurations = (
				44B4FC19260C56BE00BBD4DF /* Debug */,
				44B4FC1A260C56BE00BBD4DF /* Release */,
			);
			defaultConfigurationIsVisible = 0;
			defaultConfigurationName = Release;
		};
		44B4FC1B260C56BE00BBD4DF /* Build configuration list for PBXNativeTarget "Whac-a-person" */ = {
			isa = XCConfigurationList;
			buildConfigurations = (
				44B4FC1C260C56BE00BBD4DF /* Debug */,
				44B4FC1D260C56BE00BBD4DF /* Release */,
			);
			defaultConfigurationIsVisible = 0;
			defaultConfigurationName = Release;
		};
/* End XCConfigurationList section */
	};
	rootObject = 44B4FC04260C56BD00BBD4DF /* Project object */;
}
